
Microsoft Visual Studio Solution File, Format Version 12.00
# Visual Studio Version 17
VisualStudioVersion = 17.5.33627.172
MinimumVisualStudioVersion = 10.0.40219.1
Project("{FAE04EC0-301F-11D3-BF4B-00C04F79EFBC}") = "AlwaysTogether", "AlwaysTogether\AlwaysTogether.csproj", "{2B38136A-A6E4-40DB-B20F-E788B0569843}"
EndProject
Global
	GlobalSection(SolutionConfigurationPlatforms) = preSolution
		Debug|Any CPU = Debug|Any CPU
		Release|Any CPU = Release|Any CPU
	EndGlobalSection
	GlobalSection(ProjectConfigurationPlatforms) = postSolution
		{2B38136A-A6E4-40DB-B20F-E788B0569843}.Debug|Any CPU.ActiveCfg = Debug|Any CPU
		{2B38136A-A6E4-40DB-B20F-E788B0569843}.Debug|Any CPU.Build.0 = Debug|Any CPU
		{2B38136A-A6E4-40DB-B20F-E788B0569843}.Release|Any CPU.ActiveCfg = Release|Any CPU
		{2B38136A-A6E4-40DB-B20F-E788B0569843}.Release|Any CPU.Build.0 = Release|Any CPU
	EndGlobalSection
	GlobalSection(SolutionProperties) = preSolution
		HideSolutionNode = FALSE
	EndGlobalSection
	GlobalSection(ExtensibilityGlobals) = postSolution
		SolutionGuid = {1FA0B90F-957B-4494-A8A1-CF6420432939}
	EndGlobalSection
EndGlobal
